
Microsoft Visual Studio Solution File, Format Version 12.00
# Visual Studio 15
VisualStudioVersion = 15.0.28307.438
MinimumVisualStudioVersion = 10.0.40219.1
Project("{FAE04EC0-301F-11D3-BF4B-00C04F79EFBC}") = "SharPersist", "SharPersist\SharPersist.csproj", "{9D1B853E-58F1-4BA5-AEFC-5C221CA30E48}"
EndProject
Global
	GlobalSection(SolutionConfigurationPlatforms) = preSolution
		Debug|Any CPU = Debug|Any CPU
		Release|Any CPU = Release|Any CPU
	EndGlobalSection
	GlobalSection(ProjectConfigurationPlatforms) = postSolution
		{9D1B853E-58F1-4BA5-AEFC-5C221CA30E48}.Debug|Any CPU.ActiveCfg = Debug|Any CPU
		{9D1B853E-58F1-4BA5-AEFC-5C221CA30E48}.Debug|Any CPU.Build.0 = Debug|Any CPU
		{9D1B853E-58F1-4BA5-AEFC-5C221CA30E48}.Release|Any CPU.ActiveCfg = Release|Any CPU
		{9D1B853E-58F1-4BA5-AEFC-5C221CA30E48}.Release|Any CPU.Build.0 = Release|Any CPU
	EndGlobalSection
	GlobalSection(SolutionProperties) = preSolution
		HideSolutionNode = FALSE
	EndGlobalSection
	GlobalSection(ExtensibilityGlobals) = postSolution
		SolutionGuid = {5FFEAE13-196C-4E60-9265-1169626BE3C8}
	EndGlobalSection
EndGlobal
